
Microsoft Visual Studio Solution File, Format Version 12.00
# Visual Studio Version 17
VisualStudioVersion = 17.9.34728.123
MinimumVisualStudioVersion = 10.0.40219.1
Project("{2150E333-8FDC-42A3-9474-1A3956D46DE8}") = "Glava_02", "Glava_02", "{A10AF2C4-3166-4375-8DB9-5DD30828ED8C}"
EndProject
Project("{9A19103F-16F7-4668-BE54-9A1E7A4F7556}") = "Str60", "Glava_02\Str60\Str60.csproj", "{0DCBB9AC-71D1-4CE5-9D8D-6AE4B6B39836}"
EndProject
Project("{9A19103F-16F7-4668-BE54-9A1E7A4F7556}") = "Str62", "Glava_02\Str62\Str62.csproj", "{CC27F802-9DF1-460D-95C9-307B7D246167}"
EndProject
Project("{9A19103F-16F7-4668-BE54-9A1E7A4F7556}") = "Str75", "Glava_02\Str75\Str75\Str75.csproj", "{8F9EAA75-5A76-4E37-AE3C-DD5CBACC1088}"
EndProject
Project("{2150E333-8FDC-42A3-9474-1A3956D46DE8}") = "Glava_26", "Glava_26", "{4ADD6948-CDEA-4A0F-BF70-3582279914EE}"
EndProject
Project("{9A19103F-16F7-4668-BE54-9A1E7A4F7556}") = "Str736", "Glava_26\Str736\Str736.csproj", "{95C5FA20-BFF1-4A1A-A306-18CD5A535C4C}"
EndProject
Project("{9A19103F-16F7-4668-BE54-9A1E7A4F7556}") = "Str745", "Glava_26\Str745\Str745.csproj", "{6ACC10A0-68AA-409A-9388-DFA34F148E41}"
EndProject
Project("{9A19103F-16F7-4668-BE54-9A1E7A4F7556}") = "Str736_Test", "Glava_26\Str736_Test\Str736_Test.csproj", "{37751663-0629-4FC1-85AF-0F37C8942B41}"
EndProject
Project("{9A19103F-16F7-4668-BE54-9A1E7A4F7556}") = "Str745_Test", "Glava_26\Str745_Test\Str745_Test.csproj", "{268C671F-8CCA-4CE2-84D3-0DDA91CF2AF9}"
EndProject
Project("{2150E333-8FDC-42A3-9474-1A3956D46DE8}") = "Glava_27", "Glava_27", "{8A890AFA-DC6A-4444-A2D8-1AEA13E7F63A}"
EndProject
Project("{9A19103F-16F7-4668-BE54-9A1E7A4F7556}") = "Str749", "Glava_27\Str749\Str749.csproj", "{7CD1F388-3476-4DD3-A012-378B0B2161A8}"
EndProject
Project("{9A19103F-16F7-4668-BE54-9A1E7A4F7556}") = "Str749_Test", "Glava_27\Str749_Test\Str749_Test.csproj", "{3C1CD2C7-7048-4732-8693-8CF90B9449C8}"
EndProject
Project("{9A19103F-16F7-4668-BE54-9A1E7A4F7556}") = "Str751", "Glava_27\Str751\Str751.csproj", "{30F264AC-CCA7-4193-B244-B2DF52ACCB64}"
EndProject
Project("{FAE04EC0-301F-11D3-BF4B-00C04F79EFBC}") = "Str751_4.5", "Glava_27\Str751_4.5\Str751_4.5.csproj", "{8496479B-C1B0-46BE-AF3D-E621CDB14EE7}"
EndProject
Project("{FAE04EC0-301F-11D3-BF4B-00C04F79EFBC}") = "Str751_Test", "Glava_27\Str751_Test\Str751_Test.csproj", "{9B0FD305-08AD-455D-B299-C4F300E1862F}"
EndProject
Project("{9A19103F-16F7-4668-BE54-9A1E7A4F7556}") = "Str753", "Glava_27\Str753\Str753.csproj", "{7BEBC82F-934C-437B-8E6C-1EC36056F615}"
EndProject
Project("{9A19103F-16F7-4668-BE54-9A1E7A4F7556}") = "Str753_Test", "Glava_27\Str753_Test\Str753_Test.csproj", "{887FCCA9-53D8-41BB-B221-F7232FC28604}"
EndProject
Project("{9A19103F-16F7-4668-BE54-9A1E7A4F7556}") = "Str756", "Glava_27\Str756\Str756.csproj", "{AE00D217-3063-4592-AE7A-C8D1EEF59FD0}"
EndProject
Project("{9A19103F-16F7-4668-BE54-9A1E7A4F7556}") = "Str756_Test", "Glava_27\Str756_Test\Str756_Test.csproj", "{1E072037-2224-4327-9C65-25FB1F7B57C9}"
EndProject
Project("{9A19103F-16F7-4668-BE54-9A1E7A4F7556}") = "Str757", "Glava_27\Str757\Str757.csproj", "{210FBEA9-082C-4B28-AC39-7CFE0503CA9B}"
EndProject
Project("{9A19103F-16F7-4668-BE54-9A1E7A4F7556}") = "Str758", "Glava_27\Str758\Str758.csproj", "{8522FE49-A8E4-4EEA-9915-F12EA15BC34D}"
EndProject
Project("{9A19103F-16F7-4668-BE54-9A1E7A4F7556}") = "Str760", "Glava_27\Str760\Str760.csproj", "{B4565580-8126-4444-AB21-040F25901F03}"
EndProject
Project("{9A19103F-16F7-4668-BE54-9A1E7A4F7556}") = "Str757_Test", "Glava_27\Str757_Test\Str757_Test.csproj", "{B5451672-38B0-4FEB-82B9-FB8A1B77E153}"
EndProject
Project("{9A19103F-16F7-4668-BE54-9A1E7A4F7556}") = "Str758_Test", "Glava_27\Str758_Test\Str758_Test.csproj", "{D76C7EE6-CA3F-4AA0-8437-93D76E17AF55}"
EndProject
Project("{9A19103F-16F7-4668-BE54-9A1E7A4F7556}") = "Str760_Test", "Glava_27\Str760_Test\Str760_Test.csproj", "{D60CF7C1-E783-4111-AF58-45F1CD014885}"
EndProject
Project("{9A19103F-16F7-4668-BE54-9A1E7A4F7556}") = "Str762", "Glava_27\Str762\Str762.csproj", "{0F37FB7E-C4F9-4CAF-8B8C-5C2831CBAF2E}"
EndProject
Project("{9A19103F-16F7-4668-BE54-9A1E7A4F7556}") = "Str762_Test", "Glava_27\Str762_Test\Str762_Test.csproj", "{DF23AC30-D11E-456E-90D4-3E864D16DBE0}"
EndProject
Project("{9A19103F-16F7-4668-BE54-9A1E7A4F7556}") = "Str764", "Glava_27\Str764\Str764.csproj", "{1A9FFC0B-B971-4723-983D-61FD2C54F9D8}"
EndProject
Project("{9A19103F-16F7-4668-BE54-9A1E7A4F7556}") = "Str764_Test", "Glava_27\Str764_Test\Str764_Test.csproj", "{8C0D8FEA-657D-4DF2-90B6-13E55A9FF7CB}"
EndProject
Project("{9A19103F-16F7-4668-BE54-9A1E7A4F7556}") = "Str764_2", "Glava_27\Str764_2\Str764_2.csproj", "{951F7EFD-0BCF-47FE-B0C5-2E888CE47834}"
EndProject
Project("{9A19103F-16F7-4668-BE54-9A1E7A4F7556}") = "Str764_2_Test", "Glava_27\Str764_2_Test\Str764_2_Test.csproj", "{DF7432D5-5750-4294-96FC-0B291690F00E}"
EndProject
Project("{9A19103F-16F7-4668-BE54-9A1E7A4F7556}") = "Str767", "Glava_27\Str767\Str767.csproj", "{C7B1EB96-F64C-415D-98B8-71A8A2FF2E86}"
EndProject
Project("{9A19103F-16F7-4668-BE54-9A1E7A4F7556}") = "Str771", "Glava_27\Str771\Str771.csproj", "{1E542E5A-A487-4D53-9B38-47CC9A68E2E9}"
EndProject
Project("{9A19103F-16F7-4668-BE54-9A1E7A4F7556}") = "Str773", "Glava_27\Str773\Str773.csproj", "{C1A9FD4A-8A71-4841-9641-7781E3E55928}"
EndProject
Project("{9A19103F-16F7-4668-BE54-9A1E7A4F7556}") = "Str773_2", "Glava_27\Str773_2\Str773_2.csproj", "{8C609E16-2C3F-4909-89BE-0B08B364423C}"
EndProject
Project("{9A19103F-16F7-4668-BE54-9A1E7A4F7556}") = "Str776", "Glava_27\Str776\Str776.csproj", "{A71C7693-ABFA-4286-B2FD-F36000DFFE8A}"
EndProject
Project("{9A19103F-16F7-4668-BE54-9A1E7A4F7556}") = "Str767_Test", "Glava_27\Str767_Test\Str767_Test.csproj", "{FEB33A6D-E36D-4085-AD86-615F77D5344E}"
EndProject
Project("{9A19103F-16F7-4668-BE54-9A1E7A4F7556}") = "Str771_Test", "Glava_27\Str771_Test\Str771_Test.csproj", "{E43B355F-6777-4E86-BEE6-9D29295E30F2}"
EndProject
Project("{9A19103F-16F7-4668-BE54-9A1E7A4F7556}") = "Str781_2", "Glava_27\Str781_2\Str781_2.csproj", "{8AE50C66-0682-4202-81A4-4E6874A53EA4}"
EndProject
Project("{9A19103F-16F7-4668-BE54-9A1E7A4F7556}") = "Str781", "Glava_27\Str781\Str781.csproj", "{B5663520-FF6A-4688-93E8-BB757AB991E3}"
EndProject
Project("{FAE04EC0-301F-11D3-BF4B-00C04F79EFBC}") = "Str769", "Glava_27\Str769\Str769.csproj", "{6FA7AE17-C1E1-4CD1-97EA-0B25D16ADEFB}"
EndProject
Project("{9A19103F-16F7-4668-BE54-9A1E7A4F7556}") = "Str773_Test", "Glava_27\Str773_Test\Str773_Test.csproj", "{E2947359-73BB-4810-A329-CD028A9FEBC5}"
EndProject
Project("{9A19103F-16F7-4668-BE54-9A1E7A4F7556}") = "Str776_Test", "Glava_27\Str776_Test\Str776_Test.csproj", "{A37909F8-7DF1-4461-983E-95A8517FD635}"
EndProject
Project("{9A19103F-16F7-4668-BE54-9A1E7A4F7556}") = "Str773_2_Test", "Glava_27\Str773_2_Test\Str773_2_Test.csproj", "{A06416EC-2F82-4EC2-B3D5-6C94521A332C}"
EndProject
Project("{9A19103F-16F7-4668-BE54-9A1E7A4F7556}") = "Str781_Test", "Glava_27\Str781_Test\Str781_Test.csproj", "{D3C72FE9-D1F4-4C08-B2AB-7EDCB04BFCAD}"
EndProject
Project("{FAE04EC0-301F-11D3-BF4B-00C04F79EFBC}") = "Str781_2_Test", "Glava_27\Str781_2_Test\Str781_2_Test.csproj", "{5ADEA6FE-3E85-4AC6-BC19-71BC8D0EE2DD}"
EndProject
Global
	GlobalSection(SolutionConfigurationPlatforms) = preSolution
		Debug|Any CPU = Debug|Any CPU
		Release|Any CPU = Release|Any CPU
	EndGlobalSection
	GlobalSection(ProjectConfigurationPlatforms) = postSolution
		{0DCBB9AC-71D1-4CE5-9D8D-6AE4B6B39836}.Debug|Any CPU.ActiveCfg = Debug|Any CPU
		{0DCBB9AC-71D1-4CE5-9D8D-6AE4B6B39836}.Debug|Any CPU.Build.0 = Debug|Any CPU
		{0DCBB9AC-71D1-4CE5-9D8D-6AE4B6B39836}.Release|Any CPU.ActiveCfg = Release|Any CPU
		{0DCBB9AC-71D1-4CE5-9D8D-6AE4B6B39836}.Release|Any CPU.Build.0 = Release|Any CPU
		{CC27F802-9DF1-460D-95C9-307B7D246167}.Debug|Any CPU.ActiveCfg = Debug|Any CPU
		{CC27F802-9DF1-460D-95C9-307B7D246167}.Debug|Any CPU.Build.0 = Debug|Any CPU
		{CC27F802-9DF1-460D-95C9-307B7D246167}.Release|Any CPU.ActiveCfg = Release|Any CPU
		{CC27F802-9DF1-460D-95C9-307B7D246167}.Release|Any CPU.Build.0 = Release|Any CPU
		{8F9EAA75-5A76-4E37-AE3C-DD5CBACC1088}.Debug|Any CPU.ActiveCfg = Debug|Any CPU
		{8F9EAA75-5A76-4E37-AE3C-DD5CBACC1088}.Debug|Any CPU.Build.0 = Debug|Any CPU
		{8F9EAA75-5A76-4E37-AE3C-DD5CBACC1088}.Release|Any CPU.ActiveCfg = Release|Any CPU
		{8F9EAA75-5A76-4E37-AE3C-DD5CBACC1088}.Release|Any CPU.Build.0 = Release|Any CPU
		{95C5FA20-BFF1-4A1A-A306-18CD5A535C4C}.Debug|Any CPU.ActiveCfg = Debug|Any CPU
		{95C5FA20-BFF1-4A1A-A306-18CD5A535C4C}.Debug|Any CPU.Build.0 = Debug|Any CPU
		{95C5FA20-BFF1-4A1A-A306-18CD5A535C4C}.Release|Any CPU.ActiveCfg = Release|Any CPU
		{95C5FA20-BFF1-4A1A-A306-18CD5A535C4C}.Release|Any CPU.Build.0 = Release|Any CPU
		{6ACC10A0-68AA-409A-9388-DFA34F148E41}.Debug|Any CPU.ActiveCfg = Debug|Any CPU
		{6ACC10A0-68AA-409A-9388-DFA34F148E41}.Debug|Any CPU.Build.0 = Debug|Any CPU
		{6ACC10A0-68AA-409A-9388-DFA34F148E41}.Release|Any CPU.ActiveCfg = Release|Any CPU
		{6ACC10A0-68AA-409A-9388-DFA34F148E41}.Release|Any CPU.Build.0 = Release|Any CPU
		{37751663-0629-4FC1-85AF-0F37C8942B41}.Debug|Any CPU.ActiveCfg = Debug|Any CPU
		{37751663-0629-4FC1-85AF-0F37C8942B41}.Debug|Any CPU.Build.0 = Debug|Any CPU
		{37751663-0629-4FC1-85AF-0F37C8942B41}.Release|Any CPU.ActiveCfg = Release|Any CPU
		{37751663-0629-4FC1-85AF-0F37C8942B41}.Release|Any CPU.Build.0 = Release|Any CPU
		{268C671F-8CCA-4CE2-84D3-0DDA91CF2AF9}.Debug|Any CPU.ActiveCfg = Debug|Any CPU
		{268C671F-8CCA-4CE2-84D3-0DDA91CF2AF9}.Debug|Any CPU.Build.0 = Debug|Any CPU
		{268C671F-8CCA-4CE2-84D3-0DDA91CF2AF9}.Release|Any CPU.ActiveCfg = Release|Any CPU
		{268C671F-8CCA-4CE2-84D3-0DDA91CF2AF9}.Release|Any CPU.Build.0 = Release|Any CPU
		{7CD1F388-3476-4DD3-A012-378B0B2161A8}.Debug|Any CPU.ActiveCfg = Debug|Any CPU
		{7CD1F388-3476-4DD3-A012-378B0B2161A8}.Debug|Any CPU.Build.0 = Debug|Any CPU
		{7CD1F388-3476-4DD3-A012-378B0B2161A8}.Release|Any CPU.ActiveCfg = Release|Any CPU
		{7CD1F388-3476-4DD3-A012-378B0B2161A8}.Release|Any CPU.Build.0 = Release|Any CPU
		{3C1CD2C7-7048-4732-8693-8CF90B9449C8}.Debug|Any CPU.ActiveCfg = Debug|Any CPU
		{3C1CD2C7-7048-4732-8693-8CF90B9449C8}.Debug|Any CPU.Build.0 = Debug|Any CPU
		{3C1CD2C7-7048-4732-8693-8CF90B9449C8}.Release|Any CPU.ActiveCfg = Release|Any CPU
		{3C1CD2C7-7048-4732-8693-8CF90B9449C8}.Release|Any CPU.Build.0 = Release|Any CPU
		{30F264AC-CCA7-4193-B244-B2DF52ACCB64}.Debug|Any CPU.ActiveCfg = Debug|Any CPU
		{30F264AC-CCA7-4193-B244-B2DF52ACCB64}.Debug|Any CPU.Build.0 = Debug|Any CPU
		{30F264AC-CCA7-4193-B244-B2DF52ACCB64}.Release|Any CPU.ActiveCfg = Release|Any CPU
		{30F264AC-CCA7-4193-B244-B2DF52ACCB64}.Release|Any CPU.Build.0 = Release|Any CPU
		{8496479B-C1B0-46BE-AF3D-E621CDB14EE7}.Debug|Any CPU.ActiveCfg = Debug|Any CPU
		{8496479B-C1B0-46BE-AF3D-E621CDB14EE7}.Debug|Any CPU.Build.0 = Debug|Any CPU
		{8496479B-C1B0-46BE-AF3D-E621CDB14EE7}.Release|Any CPU.ActiveCfg = Release|Any CPU
		{8496479B-C1B0-46BE-AF3D-E621CDB14EE7}.Release|Any CPU.Build.0 = Release|Any CPU
		{9B0FD305-08AD-455D-B299-C4F300E1862F}.Debug|Any CPU.ActiveCfg = Debug|Any CPU
		{9B0FD305-08AD-455D-B299-C4F300E1862F}.Debug|Any CPU.Build.0 = Debug|Any CPU
		{9B0FD305-08AD-455D-B299-C4F300E1862F}.Release|Any CPU.ActiveCfg = Release|Any CPU
		{9B0FD305-08AD-455D-B299-C4F300E1862F}.Release|Any CPU.Build.0 = Release|Any CPU
		{7BEBC82F-934C-437B-8E6C-1EC36056F615}.Debug|Any CPU.ActiveCfg = Debug|Any CPU
		{7BEBC82F-934C-437B-8E6C-1EC36056F615}.Debug|Any CPU.Build.0 = Debug|Any CPU
		{7BEBC82F-934C-437B-8E6C-1EC36056F615}.Release|Any CPU.ActiveCfg = Release|Any CPU
		{7BEBC82F-934C-437B-8E6C-1EC36056F615}.Release|Any CPU.Build.0 = Release|Any CPU
		{887FCCA9-53D8-41BB-B221-F7232FC28604}.Debug|Any CPU.ActiveCfg = Debug|Any CPU
		{887FCCA9-53D8-41BB-B221-F7232FC28604}.Debug|Any CPU.Build.0 = Debug|Any CPU
		{887FCCA9-53D8-41BB-B221-F7232FC28604}.Release|Any CPU.ActiveCfg = Release|Any CPU
		{887FCCA9-53D8-41BB-B221-F7232FC28604}.Release|Any CPU.Build.0 = Release|Any CPU
		{AE00D217-3063-4592-AE7A-C8D1EEF59FD0}.Debug|Any CPU.ActiveCfg = Debug|Any CPU
		{AE00D217-3063-4592-AE7A-C8D1EEF59FD0}.Debug|Any CPU.Build.0 = Debug|Any CPU
		{AE00D217-3063-4592-AE7A-C8D1EEF59FD0}.Release|Any CPU.ActiveCfg = Release|Any CPU
		{AE00D217-3063-4592-AE7A-C8D1EEF59FD0}.Release|Any CPU.Build.0 = Release|Any CPU
		{1E072037-2224-4327-9C65-25FB1F7B57C9}.Debug|Any CPU.ActiveCfg = Debug|Any CPU
		{1E072037-2224-4327-9C65-25FB1F7B57C9}.Debug|Any CPU.Build.0 = Debug|Any CPU
		{1E072037-2224-4327-9C65-25FB1F7B57C9}.Release|Any CPU.ActiveCfg = Release|Any CPU
		{1E072037-2224-4327-9C65-25FB1F7B57C9}.Release|Any CPU.Build.0 = Release|Any CPU
		{210FBEA9-082C-4B28-AC39-7CFE0503CA9B}.Debug|Any CPU.ActiveCfg = Debug|Any CPU
		{210FBEA9-082C-4B28-AC39-7CFE0503CA9B}.Debug|Any CPU.Build.0 = Debug|Any CPU
		{210FBEA9-082C-4B28-AC39-7CFE0503CA9B}.Release|Any CPU.ActiveCfg = Release|Any CPU
		{210FBEA9-082C-4B28-AC39-7CFE0503CA9B}.Release|Any CPU.Build.0 = Release|Any CPU
		{8522FE49-A8E4-4EEA-9915-F12EA15BC34D}.Debug|Any CPU.ActiveCfg = Debug|Any CPU
		{8522FE49-A8E4-4EEA-9915-F12EA15BC34D}.Debug|Any CPU.Build.0 = Debug|Any CPU
		{8522FE49-A8E4-4EEA-9915-F12EA15BC34D}.Release|Any CPU.ActiveCfg = Release|Any CPU
		{8522FE49-A8E4-4EEA-9915-F12EA15BC34D}.Release|Any CPU.Build.0 = Release|Any CPU
		{B4565580-8126-4444-AB21-040F25901F03}.Debug|Any CPU.ActiveCfg = Debug|Any CPU
		{B4565580-8126-4444-AB21-040F25901F03}.Debug|Any CPU.Build.0 = Debug|Any CPU
		{B4565580-8126-4444-AB21-040F25901F03}.Release|Any CPU.ActiveCfg = Release|Any CPU
		{B4565580-8126-4444-AB21-040F25901F03}.Release|Any CPU.Build.0 = Release|Any CPU
		{B5451672-38B0-4FEB-82B9-FB8A1B77E153}.Debug|Any CPU.ActiveCfg = Debug|Any CPU
		{B5451672-38B0-4FEB-82B9-FB8A1B77E153}.Debug|Any CPU.Build.0 = Debug|Any CPU
		{B5451672-38B0-4FEB-82B9-FB8A1B77E153}.Release|Any CPU.ActiveCfg = Release|Any CPU
		{B5451672-38B0-4FEB-82B9-FB8A1B77E153}.Release|Any CPU.Build.0 = Release|Any CPU
		{D76C7EE6-CA3F-4AA0-8437-93D76E17AF55}.Debug|Any CPU.ActiveCfg = Debug|Any CPU
		{D76C7EE6-CA3F-4AA0-8437-93D76E17AF55}.Debug|Any CPU.Build.0 = Debug|Any CPU
		{D76C7EE6-CA3F-4AA0-8437-93D76E17AF55}.Release|Any CPU.ActiveCfg = Release|Any CPU
		{D76C7EE6-CA3F-4AA0-8437-93D76E17AF55}.Release|Any CPU.Build.0 = Release|Any CPU
		{D60CF7C1-E783-4111-AF58-45F1CD014885}.Debug|Any CPU.ActiveCfg = Debug|Any CPU
		{D60CF7C1-E783-4111-AF58-45F1CD014885}.Debug|Any CPU.Build.0 = Debug|Any CPU
		{D60CF7C1-E783-4111-AF58-45F1CD014885}.Release|Any CPU.ActiveCfg = Release|Any CPU
		{D60CF7C1-E783-4111-AF58-45F1CD014885}.Release|Any CPU.Build.0 = Release|Any CPU
		{0F37FB7E-C4F9-4CAF-8B8C-5C2831CBAF2E}.Debug|Any CPU.ActiveCfg = Debug|Any CPU
		{0F37FB7E-C4F9-4CAF-8B8C-5C2831CBAF2E}.Debug|Any CPU.Build.0 = Debug|Any CPU
		{0F37FB7E-C4F9-4CAF-8B8C-5C2831CBAF2E}.Release|Any CPU.ActiveCfg = Release|Any CPU
		{0F37FB7E-C4F9-4CAF-8B8C-5C2831CBAF2E}.Release|Any CPU.Build.0 = Release|Any CPU
		{DF23AC30-D11E-456E-90D4-3E864D16DBE0}.Debug|Any CPU.ActiveCfg = Debug|Any CPU
		{DF23AC30-D11E-456E-90D4-3E864D16DBE0}.Debug|Any CPU.Build.0 = Debug|Any CPU
		{DF23AC30-D11E-456E-90D4-3E864D16DBE0}.Release|Any CPU.ActiveCfg = Release|Any CPU
		{DF23AC30-D11E-456E-90D4-3E864D16DBE0}.Release|Any CPU.Build.0 = Release|Any CPU
		{1A9FFC0B-B971-4723-983D-61FD2C54F9D8}.Debug|Any CPU.ActiveCfg = Debug|Any CPU
		{1A9FFC0B-B971-4723-983D-61FD2C54F9D8}.Debug|Any CPU.Build.0 = Debug|Any CPU
		{1A9FFC0B-B971-4723-983D-61FD2C54F9D8}.Release|Any CPU.ActiveCfg = Release|Any CPU
		{1A9FFC0B-B971-4723-983D-61FD2C54F9D8}.Release|Any CPU.Build.0 = Release|Any CPU
		{8C0D8FEA-657D-4DF2-90B6-13E55A9FF7CB}.Debug|Any CPU.ActiveCfg = Debug|Any CPU
		{8C0D8FEA-657D-4DF2-90B6-13E55A9FF7CB}.Debug|Any CPU.Build.0 = Debug|Any CPU
		{8C0D8FEA-657D-4DF2-90B6-13E55A9FF7CB}.Release|Any CPU.ActiveCfg = Release|Any CPU
		{8C0D8FEA-657D-4DF2-90B6-13E55A9FF7CB}.Release|Any CPU.Build.0 = Release|Any CPU
		{951F7EFD-0BCF-47FE-B0C5-2E888CE47834}.Debug|Any CPU.ActiveCfg = Debug|Any CPU
		{951F7EFD-0BCF-47FE-B0C5-2E888CE47834}.Debug|Any CPU.Build.0 = Debug|Any CPU
		{951F7EFD-0BCF-47FE-B0C5-2E888CE47834}.Release|Any CPU.ActiveCfg = Release|Any CPU
		{951F7EFD-0BCF-47FE-B0C5-2E888CE47834}.Release|Any CPU.Build.0 = Release|Any CPU
		{DF7432D5-5750-4294-96FC-0B291690F00E}.Debug|Any CPU.ActiveCfg = Debug|Any CPU
		{DF7432D5-5750-4294-96FC-0B291690F00E}.Debug|Any CPU.Build.0 = Debug|Any CPU
		{DF7432D5-5750-4294-96FC-0B291690F00E}.Release|Any CPU.ActiveCfg = Release|Any CPU
		{DF7432D5-5750-4294-96FC-0B291690F00E}.Release|Any CPU.Build.0 = Release|Any CPU
		{C7B1EB96-F64C-415D-98B8-71A8A2FF2E86}.Debug|Any CPU.ActiveCfg = Debug|Any CPU
		{C7B1EB96-F64C-415D-98B8-71A8A2FF2E86}.Debug|Any CPU.Build.0 = Debug|Any CPU
		{C7B1EB96-F64C-415D-98B8-71A8A2FF2E86}.Release|Any CPU.ActiveCfg = Release|Any CPU
		{C7B1EB96-F64C-415D-98B8-71A8A2FF2E86}.Release|Any CPU.Build.0 = Release|Any CPU
		{1E542E5A-A487-4D53-9B38-47CC9A68E2E9}.Debug|Any CPU.ActiveCfg = Debug|Any CPU
		{1E542E5A-A487-4D53-9B38-47CC9A68E2E9}.Debug|Any CPU.Build.0 = Debug|Any CPU
		{1E542E5A-A487-4D53-9B38-47CC9A68E2E9}.Release|Any CPU.ActiveCfg = Release|Any CPU
		{1E542E5A-A487-4D53-9B38-47CC9A68E2E9}.Release|Any CPU.Build.0 = Release|Any CPU
		{C1A9FD4A-8A71-4841-9641-7781E3E55928}.Debug|Any CPU.ActiveCfg = Debug|Any CPU
		{C1A9FD4A-8A71-4841-9641-7781E3E55928}.Debug|Any CPU.Build.0 = Debug|Any CPU
		{C1A9FD4A-8A71-4841-9641-7781E3E55928}.Release|Any CPU.ActiveCfg = Release|Any CPU
		{C1A9FD4A-8A71-4841-9641-7781E3E55928}.Release|Any CPU.Build.0 = Release|Any CPU
		{8C609E16-2C3F-4909-89BE-0B08B364423C}.Debug|Any CPU.ActiveCfg = Debug|Any CPU
		{8C609E16-2C3F-4909-89BE-0B08B364423C}.Debug|Any CPU.Build.0 = Debug|Any CPU
		{8C609E16-2C3F-4909-89BE-0B08B364423C}.Release|Any CPU.ActiveCfg = Release|Any CPU
		{8C609E16-2C3F-4909-89BE-0B08B364423C}.Release|Any CPU.Build.0 = Release|Any CPU
		{A71C7693-ABFA-4286-B2FD-F36000DFFE8A}.Debug|Any CPU.ActiveCfg = Debug|Any CPU
		{A71C7693-ABFA-4286-B2FD-F36000DFFE8A}.Debug|Any CPU.Build.0 = Debug|Any CPU
		{A71C7693-ABFA-4286-B2FD-F36000DFFE8A}.Release|Any CPU.ActiveCfg = Release|Any CPU
		{A71C7693-ABFA-4286-B2FD-F36000DFFE8A}.Release|Any CPU.Build.0 = Release|Any CPU
		{FEB33A6D-E36D-4085-AD86-615F77D5344E}.Debug|Any CPU.ActiveCfg = Debug|Any CPU
		{FEB33A6D-E36D-4085-AD86-615F77D5344E}.Debug|Any CPU.Build.0 = Debug|Any CPU
		{FEB33A6D-E36D-4085-AD86-615F77D5344E}.Release|Any CPU.ActiveCfg = Release|Any CPU
		{FEB33A6D-E36D-4085-AD86-615F77D5344E}.Release|Any CPU.Build.0 = Release|Any CPU
		{E43B355F-6777-4E86-BEE6-9D29295E30F2}.Debug|Any CPU.ActiveCfg = Debug|Any CPU
		{E43B355F-6777-4E86-BEE6-9D29295E30F2}.Debug|Any CPU.Build.0 = Debug|Any CPU
		{E43B355F-6777-4E86-BEE6-9D29295E30F2}.Release|Any CPU.ActiveCfg = Release|Any CPU
		{E43B355F-6777-4E86-BEE6-9D29295E30F2}.Release|Any CPU.Build.0 = Release|Any CPU
		{8AE50C66-0682-4202-81A4-4E6874A53EA4}.Debug|Any CPU.ActiveCfg = Debug|Any CPU
		{8AE50C66-0682-4202-81A4-4E6874A53EA4}.Debug|Any CPU.Build.0 = Debug|Any CPU
		{8AE50C66-0682-4202-81A4-4E6874A53EA4}.Release|Any CPU.ActiveCfg = Release|Any CPU
		{8AE50C66-0682-4202-81A4-4E6874A53EA4}.Release|Any CPU.Build.0 = Release|Any CPU
		{B5663520-FF6A-4688-93E8-BB757AB991E3}.Debug|Any CPU.ActiveCfg = Debug|Any CPU
		{B5663520-FF6A-4688-93E8-BB757AB991E3}.Debug|Any CPU.Build.0 = Debug|Any CPU
		{B5663520-FF6A-4688-93E8-BB757AB991E3}.Release|Any CPU.ActiveCfg = Release|Any CPU
		{B5663520-FF6A-4688-93E8-BB757AB991E3}.Release|Any CPU.Build.0 = Release|Any CPU
		{6FA7AE17-C1E1-4CD1-97EA-0B25D16ADEFB}.Debug|Any CPU.ActiveCfg = Debug|Any CPU
		{6FA7AE17-C1E1-4CD1-97EA-0B25D16ADEFB}.Debug|Any CPU.Build.0 = Debug|Any CPU
		{6FA7AE17-C1E1-4CD1-97EA-0B25D16ADEFB}.Release|Any CPU.ActiveCfg = Release|Any CPU
		{6FA7AE17-C1E1-4CD1-97EA-0B25D16ADEFB}.Release|Any CPU.Build.0 = Release|Any CPU
		{E2947359-73BB-4810-A329-CD028A9FEBC5}.Debug|Any CPU.ActiveCfg = Debug|Any CPU
		{E2947359-73BB-4810-A329-CD028A9FEBC5}.Debug|Any CPU.Build.0 = Debug|Any CPU
		{E2947359-73BB-4810-A329-CD028A9FEBC5}.Release|Any CPU.ActiveCfg = Release|Any CPU
		{E2947359-73BB-4810-A329-CD028A9FEBC5}.Release|Any CPU.Build.0 = Release|Any CPU
		{A37909F8-7DF1-4461-983E-95A8517FD635}.Debug|Any CPU.ActiveCfg = Debug|Any CPU
		{A37909F8-7DF1-4461-983E-95A8517FD635}.Debug|Any CPU.Build.0 = Debug|Any CPU
		{A37909F8-7DF1-4461-983E-95A8517FD635}.Release|Any CPU.ActiveCfg = Release|Any CPU
		{A37909F8-7DF1-4461-983E-95A8517FD635}.Release|Any CPU.Build.0 = Release|Any CPU
		{A06416EC-2F82-4EC2-B3D5-6C94521A332C}.Debug|Any CPU.ActiveCfg = Debug|Any CPU
		{A06416EC-2F82-4EC2-B3D5-6C94521A332C}.Debug|Any CPU.Build.0 = Debug|Any CPU
		{A06416EC-2F82-4EC2-B3D5-6C94521A332C}.Release|Any CPU.ActiveCfg = Release|Any CPU
		{A06416EC-2F82-4EC2-B3D5-6C94521A332C}.Release|Any CPU.Build.0 = Release|Any CPU
		{D3C72FE9-D1F4-4C08-B2AB-7EDCB04BFCAD}.Debug|Any CPU.ActiveCfg = Debug|Any CPU
		{D3C72FE9-D1F4-4C08-B2AB-7EDCB04BFCAD}.Debug|Any CPU.Build.0 = Debug|Any CPU
		{D3C72FE9-D1F4-4C08-B2AB-7EDCB04BFCAD}.Release|Any CPU.ActiveCfg = Release|Any CPU
		{D3C72FE9-D1F4-4C08-B2AB-7EDCB04BFCAD}.Release|Any CPU.Build.0 = Release|Any CPU
		{5ADEA6FE-3E85-4AC6-BC19-71BC8D0EE2DD}.Debug|Any CPU.ActiveCfg = Debug|Any CPU
		{5ADEA6FE-3E85-4AC6-BC19-71BC8D0EE2DD}.Debug|Any CPU.Build.0 = Debug|Any CPU
		{5ADEA6FE-3E85-4AC6-BC19-71BC8D0EE2DD}.Release|Any CPU.ActiveCfg = Release|Any CPU
		{5ADEA6FE-3E85-4AC6-BC19-71BC8D0EE2DD}.Release|Any CPU.Build.0 = Release|Any CPU
	EndGlobalSection
	GlobalSection(SolutionProperties) = preSolution
		HideSolutionNode = FALSE
	EndGlobalSection
	GlobalSection(NestedProjects) = preSolution
		{0DCBB9AC-71D1-4CE5-9D8D-6AE4B6B39836} = {A10AF2C4-3166-4375-8DB9-5DD30828ED8C}
		{CC27F802-9DF1-460D-95C9-307B7D246167} = {A10AF2C4-3166-4375-8DB9-5DD30828ED8C}
		{8F9EAA75-5A76-4E37-AE3C-DD5CBACC1088} = {A10AF2C4-3166-4375-8DB9-5DD30828ED8C}
		{95C5FA20-BFF1-4A1A-A306-18CD5A535C4C} = {4ADD6948-CDEA-4A0F-BF70-3582279914EE}
		{6ACC10A0-68AA-409A-9388-DFA34F148E41} = {4ADD6948-CDEA-4A0F-BF70-3582279914EE}
		{37751663-0629-4FC1-85AF-0F37C8942B41} = {4ADD6948-CDEA-4A0F-BF70-3582279914EE}
		{268C671F-8CCA-4CE2-84D3-0DDA91CF2AF9} = {4ADD6948-CDEA-4A0F-BF70-3582279914EE}
		{7CD1F388-3476-4DD3-A012-378B0B2161A8} = {8A890AFA-DC6A-4444-A2D8-1AEA13E7F63A}
		{3C1CD2C7-7048-4732-8693-8CF90B9449C8} = {8A890AFA-DC6A-4444-A2D8-1AEA13E7F63A}
		{30F264AC-CCA7-4193-B244-B2DF52ACCB64} = {8A890AFA-DC6A-4444-A2D8-1AEA13E7F63A}
		{8496479B-C1B0-46BE-AF3D-E621CDB14EE7} = {8A890AFA-DC6A-4444-A2D8-1AEA13E7F63A}
		{9B0FD305-08AD-455D-B299-C4F300E1862F} = {8A890AFA-DC6A-4444-A2D8-1AEA13E7F63A}
		{7BEBC82F-934C-437B-8E6C-1EC36056F615} = {8A890AFA-DC6A-4444-A2D8-1AEA13E7F63A}
		{887FCCA9-53D8-41BB-B221-F7232FC28604} = {8A890AFA-DC6A-4444-A2D8-1AEA13E7F63A}
		{AE00D217-3063-4592-AE7A-C8D1EEF59FD0} = {8A890AFA-DC6A-4444-A2D8-1AEA13E7F63A}
		{1E072037-2224-4327-9C65-25FB1F7B57C9} = {8A890AFA-DC6A-4444-A2D8-1AEA13E7F63A}
		{210FBEA9-082C-4B28-AC39-7CFE0503CA9B} = {8A890AFA-DC6A-4444-A2D8-1AEA13E7F63A}
		{8522FE49-A8E4-4EEA-9915-F12EA15BC34D} = {8A890AFA-DC6A-4444-A2D8-1AEA13E7F63A}
		{B4565580-8126-4444-AB21-040F25901F03} = {8A890AFA-DC6A-4444-A2D8-1AEA13E7F63A}
		{B5451672-38B0-4FEB-82B9-FB8A1B77E153} = {8A890AFA-DC6A-4444-A2D8-1AEA13E7F63A}
		{D76C7EE6-CA3F-4AA0-8437-93D76E17AF55} = {8A890AFA-DC6A-4444-A2D8-1AEA13E7F63A}
		{D60CF7C1-E783-4111-AF58-45F1CD014885} = {8A890AFA-DC6A-4444-A2D8-1AEA13E7F63A}
		{0F37FB7E-C4F9-4CAF-8B8C-5C2831CBAF2E} = {8A890AFA-DC6A-4444-A2D8-1AEA13E7F63A}
		{DF23AC30-D11E-456E-90D4-3E864D16DBE0} = {8A890AFA-DC6A-4444-A2D8-1AEA13E7F63A}
		{1A9FFC0B-B971-4723-983D-61FD2C54F9D8} = {8A890AFA-DC6A-4444-A2D8-1AEA13E7F63A}
		{8C0D8FEA-657D-4DF2-90B6-13E55A9FF7CB} = {8A890AFA-DC6A-4444-A2D8-1AEA13E7F63A}
		{951F7EFD-0BCF-47FE-B0C5-2E888CE47834} = {8A890AFA-DC6A-4444-A2D8-1AEA13E7F63A}
		{DF7432D5-5750-4294-96FC-0B291690F00E} = {8A890AFA-DC6A-4444-A2D8-1AEA13E7F63A}
		{C7B1EB96-F64C-415D-98B8-71A8A2FF2E86} = {8A890AFA-DC6A-4444-A2D8-1AEA13E7F63A}
		{1E542E5A-A487-4D53-9B38-47CC9A68E2E9} = {8A890AFA-DC6A-4444-A2D8-1AEA13E7F63A}
		{C1A9FD4A-8A71-4841-9641-7781E3E55928} = {8A890AFA-DC6A-4444-A2D8-1AEA13E7F63A}
		{8C609E16-2C3F-4909-89BE-0B08B364423C} = {8A890AFA-DC6A-4444-A2D8-1AEA13E7F63A}
		{A71C7693-ABFA-4286-B2FD-F36000DFFE8A} = {8A890AFA-DC6A-4444-A2D8-1AEA13E7F63A}
		{FEB33A6D-E36D-4085-AD86-615F77D5344E} = {8A890AFA-DC6A-4444-A2D8-1AEA13E7F63A}
		{E43B355F-6777-4E86-BEE6-9D29295E30F2} = {8A890AFA-DC6A-4444-A2D8-1AEA13E7F63A}
		{8AE50C66-0682-4202-81A4-4E6874A53EA4} = {8A890AFA-DC6A-4444-A2D8-1AEA13E7F63A}
		{B5663520-FF6A-4688-93E8-BB757AB991E3} = {8A890AFA-DC6A-4444-A2D8-1AEA13E7F63A}
		{6FA7AE17-C1E1-4CD1-97EA-0B25D16ADEFB} = {8A890AFA-DC6A-4444-A2D8-1AEA13E7F63A}
		{E2947359-73BB-4810-A329-CD028A9FEBC5} = {8A890AFA-DC6A-4444-A2D8-1AEA13E7F63A}
		{A37909F8-7DF1-4461-983E-95A8517FD635} = {8A890AFA-DC6A-4444-A2D8-1AEA13E7F63A}
		{A06416EC-2F82-4EC2-B3D5-6C94521A332C} = {8A890AFA-DC6A-4444-A2D8-1AEA13E7F63A}
		{D3C72FE9-D1F4-4C08-B2AB-7EDCB04BFCAD} = {8A890AFA-DC6A-4444-A2D8-1AEA13E7F63A}
		{5ADEA6FE-3E85-4AC6-BC19-71BC8D0EE2DD} = {8A890AFA-DC6A-4444-A2D8-1AEA13E7F63A}
	EndGlobalSection
	GlobalSection(ExtensibilityGlobals) = postSolution
		SolutionGuid = {32B15335-4B12-4087-A2AF-EAFD43CA50FD}
	EndGlobalSection
EndGlobal
